// !$*UTF8*$!
{
	archiveVersion = 1;
	classes = {
	};
	objectVersion = 51;
	objects = {

/* Begin PBXBuildFile section */
		27131FBB2454DD250020C82E /* AppDelegate.swift in Sources */ = {isa = PBXBuildFile; fileRef = 27131FBA2454DD250020C82E /* AppDelegate.swift */; };
		27131FBD2454DD250020C82E /* SceneDelegate.swift in Sources */ = {isa = PBXBuildFile; fileRef = 27131FBC2454DD250020C82E /* SceneDelegate.swift */; };
		27131FC22454DD250020C82E /* Main.storyboard in Resources */ = {isa = PBXBuildFile; fileRef = 27131FC02454DD250020C82E /* Main.storyboard */; };
		27131FC52454DD250020C82E /* Flash_Cards.xcdatamodeld in Sources */ = {isa = PBXBuildFile; fileRef = 27131FC32454DD250020C82E /* Flash_Cards.xcdatamodeld */; };
		27131FC72454DD260020C82E /* Assets.xcassets in Resources */ = {isa = PBXBuildFile; fileRef = 27131FC62454DD260020C82E /* Assets.xcassets */; };
		2772DB96246781E200D21C12 /* viewDeckFlashCards.swift in Sources */ = {isa = PBXBuildFile; fileRef = 2772DB95246781E200D21C12 /* viewDeckFlashCards.swift */; };
		27B0C2992458F66500DD0472 /* Deck View.swift in Sources */ = {isa = PBXBuildFile; fileRef = 27B0C2982458F66500DD0472 /* Deck View.swift */; };
		27B0C29B2458F78A00DD0472 /* Deck Creator.swift in Sources */ = {isa = PBXBuildFile; fileRef = 27B0C29A2458F78A00DD0472 /* Deck Creator.swift */; };
/* End PBXBuildFile section */

/* Begin PBXFileReference section */
		27131FB72454DD250020C82E /* Flash Cards.app */ = {isa = PBXFileReference; explicitFileType = wrapper.application; includeInIndex = 0; path = "Flash Cards.app"; sourceTree = BUILT_PRODUCTS_DIR; };
		27131FBA2454DD250020C82E /* AppDelegate.swift */ = {isa = PBXFileReference; lastKnownFileType = sourcecode.swift; path = AppDelegate.swift; sourceTree = "<group>"; };
		27131FBC2454DD250020C82E /* SceneDelegate.swift */ = {isa = PBXFileReference; lastKnownFileType = sourcecode.swift; path = SceneDelegate.swift; sourceTree = "<group>"; };
		27131FC12454DD250020C82E /* Base */ = {isa = PBXFileReference; lastKnownFileType = file.storyboard; name = Base; path = Base.lproj/Main.storyboard; sourceTree = "<group>"; };
		27131FC42454DD250020C82E /* Flash_Cards.xcdatamodel */ = {isa = PBXFileReference; lastKnownFileType = wrapper.xcdatamodel; path = Flash_Cards.xcdatamodel; sourceTree = "<group>"; };
		27131FC62454DD260020C82E /* Assets.xcassets */ = {isa = PBXFileReference; lastKnownFileType = folder.assetcatalog; path = Assets.xcassets; sourceTree = "<group>"; };
		27131FCB2454DD260020C82E /* Info.plist */ = {isa = PBXFileReference; lastKnownFileType = text.plist.xml; path = Info.plist; sourceTree = "<group>"; };
		2772DB95246781E200D21C12 /* viewDeckFlashCards.swift */ = {isa = PBXFileReference; lastKnownFileType = sourcecode.swift; path = viewDeckFlashCards.swift; sourceTree = "<group>"; };
		27B0C2982458F66500DD0472 /* Deck View.swift */ = {isa = PBXFileReference; lastKnownFileType = sourcecode.swift; path = "Deck View.swift"; sourceTree = "<group>"; };
		27B0C29A2458F78A00DD0472 /* Deck Creator.swift */ = {isa = PBXFileReference; lastKnownFileType = sourcecode.swift; path = "Deck Creator.swift"; sourceTree = "<group>"; };
		E6E7184AF464CCC7F2B1C7FC /* .gitignore */ = {isa = PBXFileReference; lastKnownFileType = file.gitignore; path = .gitignore; sourceTree = "<group>"; };
/* End PBXFileReference section */

/* Begin PBXFrameworksBuildPhase section */
		27131FB42454DD250020C82E /* Frameworks */ = {
			isa = PBXFrameworksBuildPhase;
			buildActionMask = 2147483647;
			files = (
			);
			runOnlyForDeploymentPostprocessing = 0;
		};
/* End PBXFrameworksBuildPhase section */

/* Begin PBXGroup section */
		27131FAE2454DD250020C82E = {
			isa = PBXGroup;
			children = (
				27131FB92454DD250020C82E /* Flash Cards */,
				27131FB82454DD250020C82E /* Products */,
				E6E7184AF464CCC7F2B1C7FC /* .gitignore */,
			);
			sourceTree = "<group>";
		};
		27131FB82454DD250020C82E /* Products */ = {
			isa = PBXGroup;
			children = (
				27131FB72454DD250020C82E /* Flash Cards.app */,
			);
			name = Products;
			sourceTree = "<group>";
		};
		27131FB92454DD250020C82E /* Flash Cards */ = {
			isa = PBXGroup;
			children = (
				27131FBA2454DD250020C82E /* AppDelegate.swift */,
				27131FBC2454DD250020C82E /* SceneDelegate.swift */,
				2772DB95246781E200D21C12 /* viewDeckFlashCards.swift */,
				27131FC02454DD250020C82E /* Main.storyboard */,
				27B0C29A2458F78A00DD0472 /* Deck Creator.swift */,
				27B0C2982458F66500DD0472 /* Deck View.swift */,
				27131FC62454DD260020C82E /* Assets.xcassets */,
				27131FCB2454DD260020C82E /* Info.plist */,
				27131FC32454DD250020C82E /* Flash_Cards.xcdatamodeld */,
			);
			path = "Flash Cards";
			sourceTree = "<group>";
		};
/* End PBXGroup section */

/* Begin PBXNativeTarget section */
		27131FB62454DD250020C82E /* Flash Cards */ = {
			isa = PBXNativeTarget;
			buildConfigurationList = 27131FCE2454DD260020C82E /* Build configuration list for PBXNativeTarget "Flash Cards" */;
			buildPhases = (
				27131FB32454DD250020C82E /* Sources */,
				27131FB42454DD250020C82E /* Frameworks */,
				27131FB52454DD250020C82E /* Resources */,
			);
			buildRules = (
			);
			dependencies = (
			);
			name = "Flash Cards";
			productName = "Flash Cards";
			productReference = 27131FB72454DD250020C82E /* Flash Cards.app */;
			productType = "com.apple.product-type.application";
		};
/* End PBXNativeTarget section */

/* Begin PBXProject section */
		27131FAF2454DD250020C82E /* Project object */ = {
			isa = PBXProject;
			attributes = {
				LastSwiftUpdateCheck = 1140;
				LastUpgradeCheck = 1140;
				ORGANIZATIONNAME = "School Works";
				TargetAttributes = {
					27131FB62454DD250020C82E = {
						CreatedOnToolsVersion = 11.4.1;
					};
				};
			};
			buildConfigurationList = 27131FB22454DD250020C82E /* Build configuration list for PBXProject "Flash Cards" */;
			compatibilityVersion = "Xcode 10.0";
			developmentRegion = en;
			hasScannedForEncodings = 0;
			knownRegions = (
				en,
				Base,
			);
			mainGroup = 27131FAE2454DD250020C82E;
			productRefGroup = 27131FB82454DD250020C82E /* Products */;
			projectDirPath = "";
			projectRoot = "";
			targets = (
				27131FB62454DD250020C82E /* Flash Cards */,
			);
		};
/* End PBXProject section */

/* Begin PBXResourcesBuildPhase section */
		27131FB52454DD250020C82E /* Resources */ = {
			isa = PBXResourcesBuildPhase;
			buildActionMask = 2147483647;
			files = (
				27131FC72454DD260020C82E /* Assets.xcassets in Resources */,
				27131FC22454DD250020C82E /* Main.storyboard in Resources */,
			);
			runOnlyForDeploymentPostprocessing = 0;
		};
/* End PBXResourcesBuildPhase section */

/* Begin PBXSourcesBuildPhase section */
		27131FB32454DD250020C82E /* Sources */ = {
			isa = PBXSourcesBuildPhase;
			buildActionMask = 2147483647;
			files = (
				27B0C29B2458F78A00DD0472 /* Deck Creator.swift in Sources */,
				27B0C2992458F66500DD0472 /* Deck View.swift in Sources */,
				2772DB96246781E200D21C12 /* viewDeckFlashCards.swift in Sources */,
				27131FBB2454DD250020C82E /* AppDelegate.swift in Sources */,
				27131FC52454DD250020C82E /* Flash_Cards.xcdatamodeld in Sources */,
				27131FBD2454DD250020C82E /* SceneDelegate.swift in Sources */,
			);
			runOnlyForDeploymentPostprocessing = 0;
		};
/* End PBXSourcesBuildPhase section */

/* Begin PBXVariantGroup section */
		27131FC02454DD250020C82E /* Main.storyboard */ = {
			isa = PBXVariantGroup;
			children = (
				27131FC12454DD250020C82E /* Base */,
			);
			name = Main.storyboard;
			sourceTree = "<group>";
		};
/* End PBXVariantGroup section */

/* Begin XCBuildConfiguration section */
		27131FCC2454DD260020C82E /* Debug */ = {
			isa = XCBuildConfiguration;
			buildSettings = {
				ALWAYS_SEARCH_USER_PATHS = NO;
				CLANG_ANALYZER_NONNULL = YES;
				CLANG_ANALYZER_NUMBER_OBJECT_CONVERSION = YES_AGGRESSIVE;
				CLANG_CXX_LANGUAGE_STANDARD = "gnu++14";
				CLANG_CXX_LIBRARY = "libc++";
				CLANG_ENABLE_MODULES = YES;
				CLANG_ENABLE_OBJC_ARC = YES;
				CLANG_ENABLE_OBJC_WEAK = YES;
				CLANG_WARN_BLOCK_CAPTURE_AUTORELEASING = YES;
				CLANG_WARN_BOOL_CONVERSION = YES;
				CLANG_WARN_COMMA = YES;
				CLANG_WARN_CONSTANT_CONVERSION = YES;
				CLANG_WARN_DEPRECATED_OBJC_IMPLEMENTATIONS = YES;
				CLANG_WARN_DIRECT_OBJC_ISA_USAGE = YES_ERROR;
				CLANG_WARN_DOCUMENTATION_COMMENTS = YES;
				CLANG_WARN_EMPTY_BODY = YES;
				CLANG_WARN_ENUM_CONVERSION = YES;
				CLANG_WARN_INFINITE_RECURSION = YES;
				CLANG_WARN_INT_CONVERSION = YES;
				CLANG_WARN_NON_LITERAL_NULL_CONVERSION = YES;
				CLANG_WARN_OBJC_IMPLICIT_RETAIN_SELF = YES;
				CLANG_WARN_OBJC_LITERAL_CONVERSION = YES;
				CLANG_WARN_OBJC_ROOT_CLASS = YES_ERROR;
				CLANG_WARN_RANGE_LOOP_ANALYSIS = YES;
				CLANG_WARN_STRICT_PROTOTYPES = YES;
				CLANG_WARN_SUSPICIOUS_MOVE = YES;
				CLANG_WARN_UNGUARDED_AVAILABILITY = YES_AGGRESSIVE;
				CLANG_WARN_UNREACHABLE_CODE = YES;
				CLANG_WARN__DUPLICATE_METHOD_MATCH = YES;
				COPY_PHASE_STRIP = NO;
				DEBUG_INFORMATION_FORMAT = dwarf;
				ENABLE_STRICT_OBJC_MSGSEND = YES;
				ENABLE_TESTABILITY = YES;
				GCC_C_LANGUAGE_STANDARD = gnu11;
				GCC_DYNAMIC_NO_PIC = NO;
				GCC_NO_COMMON_BLOCKS = YES;
				GCC_OPTIMIZATION_LEVEL = 0;
				GCC_PREPROCESSOR_DEFINITIONS = (
					"DEBUG=1",
					"$(inherited)",
				);
				GCC_WARN_64_TO_32_BIT_CONVERSION = YES;
				GCC_WARN_ABOUT_RETURN_TYPE = YES_ERROR;
				GCC_WARN_UNDECLARED_SELECTOR = YES;
				GCC_WARN_UNINITIALIZED_AUTOS = YES_AGGRESSIVE;
				GCC_WARN_UNUSED_FUNCTION = YES;
				GCC_WARN_UNUSED_VARIABLE = YES;
				IPHONEOS_DEPLOYMENT_TARGET = 13.4;
				MTL_ENABLE_DEBUG_INFO = INCLUDE_SOURCE;
				MTL_FAST_MATH = YES;
				ONLY_ACTIVE_ARCH = YES;
				SDKROOT = iphoneos;
				SWIFT_ACTIVE_COMPILATION_CONDITIONS = DEBUG;
				SWIFT_OPTIMIZATION_LEVEL = "-Onone";
			};
			name = Debug;
		};
		27131FCD2454DD260020C82E /* Release */ = {
			isa = XCBuildConfiguration;
			buildSettings = {
				ALWAYS_SEARCH_USER_PATHS = NO;
				CLANG_ANALYZER_NONNULL = YES;
				CLANG_ANALYZER_NUMBER_OBJECT_CONVERSION = YES_AGGRESSIVE;
				CLANG_CXX_LANGUAGE_STANDARD = "gnu++14";
				CLANG_CXX_LIBRARY = "libc++";
				CLANG_ENABLE_MODULES = YES;
				CLANG_ENABLE_OBJC_ARC = YES;
				CLANG_ENABLE_OBJC_WEAK = YES;
				CLANG_WARN_BLOCK_CAPTURE_AUTORELEASING = YES;
				CLANG_WARN_BOOL_CONVERSION = YES;
				CLANG_WARN_COMMA = YES;
				CLANG_WARN_CONSTANT_CONVERSION = YES;
				CLANG_WARN_DEPRECATED_OBJC_IMPLEMENTATIONS = YES;
				CLANG_WARN_DIRECT_OBJC_ISA_USAGE = YES_ERROR;
				CLANG_WARN_DOCUMENTATION_COMMENTS = YES;
				CLANG_WARN_EMPTY_BODY = YES;
				CLANG_WARN_ENUM_CONVERSION = YES;
				CLANG_WARN_INFINITE_RECURSION = YES;
				CLANG_WARN_INT_CONVERSION = YES;
				CLANG_WARN_NON_LITERAL_NULL_CONVERSION = YES;
				CLANG_WARN_OBJC_IMPLICIT_RETAIN_SELF = YES;
				CLANG_WARN_OBJC_LITERAL_CONVERSION = YES;
				CLANG_WARN_OBJC_ROOT_CLASS = YES_ERROR;
				CLANG_WARN_RANGE_LOOP_ANALYSIS = YES;
				CLANG_WARN_STRICT_PROTOTYPES = YES;
				CLANG_WARN_SUSPICIOUS_MOVE = YES;
				CLANG_WARN_UNGUARDED_AVAILABILITY = YES_AGGRESSIVE;
				CLANG_WARN_UNREACHABLE_CODE = YES;
				CLANG_WARN__DUPLICATE_METHOD_MATCH = YES;
				COPY_PHASE_STRIP = NO;
				DEBUG_INFORMATION_FORMAT = "dwarf-with-dsym";
				ENABLE_NS_ASSERTIONS = NO;
				ENABLE_STRICT_OBJC_MSGSEND = YES;
				GCC_C_LANGUAGE_STANDARD = gnu11;
				GCC_NO_COMMON_BLOCKS = YES;
				GCC_WARN_64_TO_32_BIT_CONVERSION = YES;
				GCC_WARN_ABOUT_RETURN_TYPE = YES_ERROR;
				GCC_WARN_UNDECLARED_SELECTOR = YES;
				GCC_WARN_UNINITIALIZED_AUTOS = YES_AGGRESSIVE;
				GCC_WARN_UNUSED_FUNCTION = YES;
				GCC_WARN_UNUSED_VARIABLE = YES;
				IPHONEOS_DEPLOYMENT_TARGET = 13.4;
				MTL_ENABLE_DEBUG_INFO = NO;
				MTL_FAST_MATH = YES;
				SDKROOT = iphoneos;
				SWIFT_COMPILATION_MODE = wholemodule;
				SWIFT_OPTIMIZATION_LEVEL = "-O";
				VALIDATE_PRODUCT = YES;
			};
			name = Release;
		};
		27131FCF2454DD260020C82E /* Debug */ = {
			isa = XCBuildConfiguration;
			buildSettings = {
				ASSETCATALOG_COMPILER_APPICON_NAME = AppIcon;
				CODE_SIGN_IDENTITY = "Apple Development";
				CODE_SIGN_STYLE = Automatic;
				DEVELOPMENT_TEAM = P3BD6D8HQC;
				INFOPLIST_FILE = "Flash Cards/Info.plist";
				IPHONEOS_DEPLOYMENT_TARGET = 13.4;
				LD_RUNPATH_SEARCH_PATHS = (
					"$(inherited)",
					"@executable_path/Frameworks",
				);
				PRODUCT_BUNDLE_IDENTIFIER = "schoolDev.Flash-Cards";
				PRODUCT_NAME = "$(TARGET_NAME)";
				PROVISIONING_PROFILE_SPECIFIER = "";
				SWIFT_VERSION = 5.0;
				TARGETED_DEVICE_FAMILY = "1,2";
			};
			name = Debug;
		};
		27131FD02454DD260020C82E /* Release */ = {
			isa = XCBuildConfiguration;
			buildSettings = {
				ASSETCATALOG_COMPILER_APPICON_NAME = AppIcon;
				CODE_SIGN_IDENTITY = "Apple Development";
				CODE_SIGN_STYLE = Automatic;
				DEVELOPMENT_TEAM = P3BD6D8HQC;
				INFOPLIST_FILE = "Flash Cards/Info.plist";
				IPHONEOS_DEPLOYMENT_TARGET = 13.4;
				LD_RUNPATH_SEARCH_PATHS = (
					"$(inherited)",
					"@executable_path/Frameworks",
				);
				PRODUCT_BUNDLE_IDENTIFIER = "schoolDev.Flash-Cards";
				PRODUCT_NAME = "$(TARGET_NAME)";
				PROVISIONING_PROFILE_SPECIFIER = "";
				SWIFT_VERSION = 5.0;
				TARGETED_DEVICE_FAMILY = "1,2";
			};
			name = Release;
		};
/* End XCBuildConfiguration section */

/* Begin XCConfigurationList section */
		27131FB22454DD250020C82E /* Build configuration list for PBXProject "Flash Cards" */ = {
			isa = XCConfigurationList;
			buildConfigurations = (
				27131FCC2454DD260020C82E /* Debug */,
				27131FCD2454DD260020C82E /* Release */,
			);
			defaultConfigurationIsVisible = 0;
			defaultConfigurationName = Release;
		};
		27131FCE2454DD260020C82E /* Build configuration list for PBXNativeTarget "Flash Cards" */ = {
			isa = XCConfigurationList;
			buildConfigurations = (
				27131FCF2454DD260020C82E /* Debug */,
				27131FD02454DD260020C82E /* Release */,
			);
			defaultConfigurationIsVisible = 0;
			defaultConfigurationName = Release;
		};
/* End XCConfigurationList section */

/* Begin XCVersionGroup section */
		27131FC32454DD250020C82E /* Flash_Cards.xcdatamodeld */ = {
			isa = XCVersionGroup;
			children = (
				27131FC42454DD250020C82E /* Flash_Cards.xcdatamodel */,
			);
			currentVersion = 27131FC42454DD250020C82E /* Flash_Cards.xcdatamodel */;
			path = Flash_Cards.xcdatamodeld;
			sourceTree = "<group>";
			versionGroupType = wrapper.xcdatamodel;
		};
/* End XCVersionGroup section */
	};
	rootObject = 27131FAF2454DD250020C82E /* Project object */;
}
